
Microsoft Visual Studio Solution File, Format Version 12.00
# Visual Studio 15
VisualStudioVersion = 15.0.26730.10
MinimumVisualStudioVersion = 10.0.40219.1
Project("{8BC9CEB8-8B4A-11D0-8D11-00A0C91BC942}") = "PocoLithp", "PocoLithp\PocoLithp.vcxproj", "{ADE174E9-9554-44CE-B30B-F2DACF4E9A55}"
EndProject
Global
	GlobalSection(SolutionConfigurationPlatforms) = preSolution
		Debug - Run Sample|x64 = Debug - Run Sample|x64
		Debug - Run Sample|x86 = Debug - Run Sample|x86
		Debug|x64 = Debug|x64
		Debug|x86 = Debug|x86
		Release|x64 = Release|x64
		Release|x86 = Release|x86
	EndGlobalSection
	GlobalSection(ProjectConfigurationPlatforms) = postSolution
		{ADE174E9-9554-44CE-B30B-F2DACF4E9A55}.Debug - Run Sample|x64.ActiveCfg = Debug - Run Sample|x64
		{ADE174E9-9554-44CE-B30B-F2DACF4E9A55}.Debug - Run Sample|x64.Build.0 = Debug - Run Sample|x64
		{ADE174E9-9554-44CE-B30B-F2DACF4E9A55}.Debug - Run Sample|x86.ActiveCfg = Debug - Run Sample|Win32
		{ADE174E9-9554-44CE-B30B-F2DACF4E9A55}.Debug - Run Sample|x86.Build.0 = Debug - Run Sample|Win32
		{ADE174E9-9554-44CE-B30B-F2DACF4E9A55}.Debug|x64.ActiveCfg = Debug|x64
		{ADE174E9-9554-44CE-B30B-F2DACF4E9A55}.Debug|x64.Build.0 = Debug|x64
		{ADE174E9-9554-44CE-B30B-F2DACF4E9A55}.Debug|x86.ActiveCfg = Debug|Win32
		{ADE174E9-9554-44CE-B30B-F2DACF4E9A55}.Debug|x86.Build.0 = Debug|Win32
		{ADE174E9-9554-44CE-B30B-F2DACF4E9A55}.Release|x64.ActiveCfg = Release|x64
		{ADE174E9-9554-44CE-B30B-F2DACF4E9A55}.Release|x64.Build.0 = Release|x64
		{ADE174E9-9554-44CE-B30B-F2DACF4E9A55}.Release|x86.ActiveCfg = Release|Win32
		{ADE174E9-9554-44CE-B30B-F2DACF4E9A55}.Release|x86.Build.0 = Release|Win32
	EndGlobalSection
	GlobalSection(SolutionProperties) = preSolution
		HideSolutionNode = FALSE
	EndGlobalSection
	GlobalSection(ExtensibilityGlobals) = postSolution
		SolutionGuid = {A0EE91C1-B962-4681-AA41-E7D8E1E5BF16}
	EndGlobalSection
EndGlobal
