
Microsoft Visual Studio Solution File, Format Version 12.00
# Visual Studio 15
VisualStudioVersion = 15.0.26403.7
MinimumVisualStudioVersion = 10.0.40219.1
Project("{8BC9CEB8-8B4A-11D0-8D11-00A0C91BC942}") = "PocoLithpContrib", "PocoLithp\PocoLithpContrib.vcxproj", "{ADE174E9-9554-44CE-B30B-F2DACF4E9A55}"
EndProject
Project("{8BC9CEB8-8B4A-11D0-8D11-00A0C91BC942}") = "MinimalFoundation", "contrib\MinimalFoundation\MinimalFoundation.vcxproj", "{F44FFAB2-37AB-409D-8C51-D42D08DA6CBC}"
EndProject
Project("{8BC9CEB8-8B4A-11D0-8D11-00A0C91BC942}") = "linenoise-ng-project", "contrib\linenoise-ng-project\linenoise-ng-project.vcxproj", "{A5A7CB82-6773-4C9B-9244-4F73D98A1634}"
EndProject
Project("{8BC9CEB8-8B4A-11D0-8D11-00A0C91BC942}") = "Stackless", "..\..\..\..\Source\Repos\Stackless\Stackless\Stackless.vcxproj", "{F24753E1-36C2-4B55-AE98-D6C04E311259}"
EndProject
Global
	GlobalSection(SolutionConfigurationPlatforms) = preSolution
		Debug - Run sample|x64 = Debug - Run sample|x64
		Debug - Run sample|x86 = Debug - Run sample|x86
		Debug|x64 = Debug|x64
		Debug|x86 = Debug|x86
		Release|x64 = Release|x64
		Release|x86 = Release|x86
	EndGlobalSection
	GlobalSection(ProjectConfigurationPlatforms) = postSolution
		{ADE174E9-9554-44CE-B30B-F2DACF4E9A55}.Debug - Run sample|x64.ActiveCfg = Debug - Run sample|x64
		{ADE174E9-9554-44CE-B30B-F2DACF4E9A55}.Debug - Run sample|x64.Build.0 = Debug - Run sample|x64
		{ADE174E9-9554-44CE-B30B-F2DACF4E9A55}.Debug - Run sample|x86.ActiveCfg = Debug - Run sample|Win32
		{ADE174E9-9554-44CE-B30B-F2DACF4E9A55}.Debug - Run sample|x86.Build.0 = Debug - Run sample|Win32
		{ADE174E9-9554-44CE-B30B-F2DACF4E9A55}.Debug|x64.ActiveCfg = Debug|x64
		{ADE174E9-9554-44CE-B30B-F2DACF4E9A55}.Debug|x64.Build.0 = Debug|x64
		{ADE174E9-9554-44CE-B30B-F2DACF4E9A55}.Debug|x86.ActiveCfg = Debug|Win32
		{ADE174E9-9554-44CE-B30B-F2DACF4E9A55}.Debug|x86.Build.0 = Debug|Win32
		{ADE174E9-9554-44CE-B30B-F2DACF4E9A55}.Release|x64.ActiveCfg = Release|x64
		{ADE174E9-9554-44CE-B30B-F2DACF4E9A55}.Release|x64.Build.0 = Release|x64
		{ADE174E9-9554-44CE-B30B-F2DACF4E9A55}.Release|x86.ActiveCfg = Release|Win32
		{ADE174E9-9554-44CE-B30B-F2DACF4E9A55}.Release|x86.Build.0 = Release|Win32
		{F44FFAB2-37AB-409D-8C51-D42D08DA6CBC}.Debug - Run sample|x64.ActiveCfg = Debug|x64
		{F44FFAB2-37AB-409D-8C51-D42D08DA6CBC}.Debug - Run sample|x64.Build.0 = Debug|x64
		{F44FFAB2-37AB-409D-8C51-D42D08DA6CBC}.Debug - Run sample|x64.Deploy.0 = Debug|x64
		{F44FFAB2-37AB-409D-8C51-D42D08DA6CBC}.Debug - Run sample|x86.ActiveCfg = Debug|Win32
		{F44FFAB2-37AB-409D-8C51-D42D08DA6CBC}.Debug - Run sample|x86.Build.0 = Debug|Win32
		{F44FFAB2-37AB-409D-8C51-D42D08DA6CBC}.Debug - Run sample|x86.Deploy.0 = Debug|Win32
		{F44FFAB2-37AB-409D-8C51-D42D08DA6CBC}.Debug|x64.ActiveCfg = Debug|x64
		{F44FFAB2-37AB-409D-8C51-D42D08DA6CBC}.Debug|x64.Build.0 = Debug|x64
		{F44FFAB2-37AB-409D-8C51-D42D08DA6CBC}.Debug|x86.ActiveCfg = Debug|Win32
		{F44FFAB2-37AB-409D-8C51-D42D08DA6CBC}.Debug|x86.Build.0 = Debug|Win32
		{F44FFAB2-37AB-409D-8C51-D42D08DA6CBC}.Release|x64.ActiveCfg = Release|x64
		{F44FFAB2-37AB-409D-8C51-D42D08DA6CBC}.Release|x64.Build.0 = Release|x64
		{F44FFAB2-37AB-409D-8C51-D42D08DA6CBC}.Release|x86.ActiveCfg = Release|Win32
		{F44FFAB2-37AB-409D-8C51-D42D08DA6CBC}.Release|x86.Build.0 = Release|Win32
		{A5A7CB82-6773-4C9B-9244-4F73D98A1634}.Debug - Run sample|x64.ActiveCfg = Debug|x64
		{A5A7CB82-6773-4C9B-9244-4F73D98A1634}.Debug - Run sample|x64.Build.0 = Debug|x64
		{A5A7CB82-6773-4C9B-9244-4F73D98A1634}.Debug - Run sample|x86.ActiveCfg = Debug|Win32
		{A5A7CB82-6773-4C9B-9244-4F73D98A1634}.Debug - Run sample|x86.Build.0 = Debug|Win32
		{A5A7CB82-6773-4C9B-9244-4F73D98A1634}.Debug|x64.ActiveCfg = Debug|x64
		{A5A7CB82-6773-4C9B-9244-4F73D98A1634}.Debug|x64.Build.0 = Debug|x64
		{A5A7CB82-6773-4C9B-9244-4F73D98A1634}.Debug|x86.ActiveCfg = Debug|Win32
		{A5A7CB82-6773-4C9B-9244-4F73D98A1634}.Debug|x86.Build.0 = Debug|Win32
		{A5A7CB82-6773-4C9B-9244-4F73D98A1634}.Release|x64.ActiveCfg = Release|x64
		{A5A7CB82-6773-4C9B-9244-4F73D98A1634}.Release|x64.Build.0 = Release|x64
		{A5A7CB82-6773-4C9B-9244-4F73D98A1634}.Release|x86.ActiveCfg = Release|Win32
		{A5A7CB82-6773-4C9B-9244-4F73D98A1634}.Release|x86.Build.0 = Release|Win32
		{F24753E1-36C2-4B55-AE98-D6C04E311259}.Debug - Run sample|x64.ActiveCfg = Debug|x64
		{F24753E1-36C2-4B55-AE98-D6C04E311259}.Debug - Run sample|x64.Build.0 = Debug|x64
		{F24753E1-36C2-4B55-AE98-D6C04E311259}.Debug - Run sample|x86.ActiveCfg = Debug|Win32
		{F24753E1-36C2-4B55-AE98-D6C04E311259}.Debug - Run sample|x86.Build.0 = Debug|Win32
		{F24753E1-36C2-4B55-AE98-D6C04E311259}.Debug|x64.ActiveCfg = Debug|x64
		{F24753E1-36C2-4B55-AE98-D6C04E311259}.Debug|x64.Build.0 = Debug|x64
		{F24753E1-36C2-4B55-AE98-D6C04E311259}.Debug|x86.ActiveCfg = Debug|Win32
		{F24753E1-36C2-4B55-AE98-D6C04E311259}.Debug|x86.Build.0 = Debug|Win32
		{F24753E1-36C2-4B55-AE98-D6C04E311259}.Release|x64.ActiveCfg = Release|x64
		{F24753E1-36C2-4B55-AE98-D6C04E311259}.Release|x64.Build.0 = Release|x64
		{F24753E1-36C2-4B55-AE98-D6C04E311259}.Release|x86.ActiveCfg = Release|Win32
		{F24753E1-36C2-4B55-AE98-D6C04E311259}.Release|x86.Build.0 = Release|Win32
	EndGlobalSection
	GlobalSection(SolutionProperties) = preSolution
		HideSolutionNode = FALSE
	EndGlobalSection
	GlobalSection(ExtensibilityGlobals) = postSolution
		SolutionGuid = {A0EE91C1-B962-4681-AA41-E7D8E1E5BF16}
	EndGlobalSection
EndGlobal
